// !$*UTF8*$!
{
	archiveVersion = 1;
	classes = {
	};
	objectVersion = 46;
	objects = {

/* Begin PBXBuildFile section */
		BFADA9121F56A00E003A07B4 /* main.m in Sources */ = {isa = PBXBuildFile; fileRef = BFADA9111F56A00E003A07B4 /* main.m */; };
		BFADA9151F56A00E003A07B4 /* AppDelegate.m in Sources */ = {isa = PBXBuildFile; fileRef = BFADA9141F56A00E003A07B4 /* AppDelegate.m */; };
		BFADA9181F56A00E003A07B4 /* ViewController.m in Sources */ = {isa = PBXBuildFile; fileRef = BFADA9171F56A00E003A07B4 /* ViewController.m */; };
		BFADA91B1F56A00E003A07B4 /* Main.storyboard in Resources */ = {isa = PBXBuildFile; fileRef = BFADA9191F56A00E003A07B4 /* Main.storyboard */; };
		BFADA91D1F56A00E003A07B4 /* Assets.xcassets in Resources */ = {isa = PBXBuildFile; fileRef = BFADA91C1F56A00E003A07B4 /* Assets.xcassets */; };
		BFADA9201F56A00E003A07B4 /* LaunchScreen.storyboard in Resources */ = {isa = PBXBuildFile; fileRef = BFADA91E1F56A00E003A07B4 /* LaunchScreen.storyboard */; };
/* End PBXBuildFile section */

/* Begin PBXFileReference section */
		BFADA90D1F56A00E003A07B4 /* APPThemeDemo.app */ = {isa = PBXFileReference; explicitFileType = wrapper.application; includeInIndex = 0; path = APPThemeDemo.app; sourceTree = BUILT_PRODUCTS_DIR; };
		BFADA9111F56A00E003A07B4 /* main.m */ = {isa = PBXFileReference; lastKnownFileType = sourcecode.c.objc; path = main.m; sourceTree = "<group>"; };
		BFADA9131F56A00E003A07B4 /* AppDelegate.h */ = {isa = PBXFileReference; lastKnownFileType = sourcecode.c.h; path = AppDelegate.h; sourceTree = "<group>"; };
		BFADA9141F56A00E003A07B4 /* AppDelegate.m */ = {isa = PBXFileReference; lastKnownFileType = sourcecode.c.objc; path = AppDelegate.m; sourceTree = "<group>"; };
		BFADA9161F56A00E003A07B4 /* ViewController.h */ = {isa = PBXFileReference; lastKnownFileType = sourcecode.c.h; path = ViewController.h; sourceTree = "<group>"; };
		BFADA9171F56A00E003A07B4 /* ViewController.m */ = {isa = PBXFileReference; lastKnownFileType = sourcecode.c.objc; path = ViewController.m; sourceTree = "<group>"; };
		BFADA91A1F56A00E003A07B4 /* Base */ = {isa = PBXFileReference; lastKnownFileType = file.storyboard; name = Base; path = Base.lproj/Main.storyboard; sourceTree = "<group>"; };
		BFADA91C1F56A00E003A07B4 /* Assets.xcassets */ = {isa = PBXFileReference; lastKnownFileType = folder.assetcatalog; path = Assets.xcassets; sourceTree = "<group>"; };
		BFADA91F1F56A00E003A07B4 /* Base */ = {isa = PBXFileReference; lastKnownFileType = file.storyboard; name = Base; path = Base.lproj/LaunchScreen.storyboard; sourceTree = "<group>"; };
		BFADA9211F56A00E003A07B4 /* Info.plist */ = {isa = PBXFileReference; lastKnownFileType = text.plist.xml; path = Info.plist; sourceTree = "<group>"; };
/* End PBXFileReference section */

/* Begin PBXFrameworksBuildPhase section */
		BFADA90A1F56A00E003A07B4 /* Frameworks */ = {
			isa = PBXFrameworksBuildPhase;
			buildActionMask = 2147483647;
			files = (
			);
			runOnlyForDeploymentPostprocessing = 0;
		};
/* End PBXFrameworksBuildPhase section */

/* Begin PBXGroup section */
		BFADA9041F56A00E003A07B4 = {
			isa = PBXGroup;
			children = (
				BFADA90F1F56A00E003A07B4 /* APPThemeDemo */,
				BFADA90E1F56A00E003A07B4 /* Products */,
			);
			sourceTree = "<group>";
		};
		BFADA90E1F56A00E003A07B4 /* Products */ = {
			isa = PBXGroup;
			children = (
				BFADA90D1F56A00E003A07B4 /* APPThemeDemo.app */,
			);
			name = Products;
			sourceTree = "<group>";
		};
		BFADA90F1F56A00E003A07B4 /* APPThemeDemo */ = {
			isa = PBXGroup;
			children = (
				BFADA9131F56A00E003A07B4 /* AppDelegate.h */,
				BFADA9141F56A00E003A07B4 /* AppDelegate.m */,
				BFADA9161F56A00E003A07B4 /* ViewController.h */,
				BFADA9171F56A00E003A07B4 /* ViewController.m */,
				BFADA9191F56A00E003A07B4 /* Main.storyboard */,
				BFADA91C1F56A00E003A07B4 /* Assets.xcassets */,
				BFADA91E1F56A00E003A07B4 /* LaunchScreen.storyboard */,
				BFADA9211F56A00E003A07B4 /* Info.plist */,
				BFADA9101F56A00E003A07B4 /* Supporting Files */,
			);
			path = APPThemeDemo;
			sourceTree = "<group>";
		};
		BFADA9101F56A00E003A07B4 /* Supporting Files */ = {
			isa = PBXGroup;
			children = (
				BFADA9111F56A00E003A07B4 /* main.m */,
			);
			name = "Supporting Files";
			sourceTree = "<group>";
		};
/* End PBXGroup section */

/* Begin PBXNativeTarget section */
		BFADA90C1F56A00E003A07B4 /* APPThemeDemo */ = {
			isa = PBXNativeTarget;
			buildConfigurationList = BFADA9241F56A00E003A07B4 /* Build configuration list for PBXNativeTarget "APPThemeDemo" */;
			buildPhases = (
				BFADA9091F56A00E003A07B4 /* Sources */,
				BFADA90A1F56A00E003A07B4 /* Frameworks */,
				BFADA90B1F56A00E003A07B4 /* Resources */,
			);
			buildRules = (
			);
			dependencies = (
			);
			name = APPThemeDemo;
			productName = APPThemeDemo;
			productReference = BFADA90D1F56A00E003A07B4 /* APPThemeDemo.app */;
			productType = "com.apple.product-type.application";
		};
/* End PBXNativeTarget section */

/* Begin PBXProject section */
		BFADA9051F56A00E003A07B4 /* Project object */ = {
			isa = PBXProject;
			attributes = {
				LastUpgradeCheck = 0830;
				ORGANIZATIONNAME = "P&C";
				TargetAttributes = {
					BFADA90C1F56A00E003A07B4 = {
						CreatedOnToolsVersion = 8.3.3;
						ProvisioningStyle = Automatic;
					};
				};
			};
			buildConfigurationList = BFADA9081F56A00E003A07B4 /* Build configuration list for PBXProject "APPThemeDemo" */;
			compatibilityVersion = "Xcode 3.2";
			developmentRegion = English;
			hasScannedForEncodings = 0;
			knownRegions = (
				en,
				Base,
			);
			mainGroup = BFADA9041F56A00E003A07B4;
			productRefGroup = BFADA90E1F56A00E003A07B4 /* Products */;
			projectDirPath = "";
			projectRoot = "";
			targets = (
				BFADA90C1F56A00E003A07B4 /* APPThemeDemo */,
			);
		};
/* End PBXProject section */

/* Begin PBXResourcesBuildPhase section */
		BFADA90B1F56A00E003A07B4 /* Resources */ = {
			isa = PBXResourcesBuildPhase;
			buildActionMask = 2147483647;
			files = (
				BFADA9201F56A00E003A07B4 /* LaunchScreen.storyboard in Resources */,
				BFADA91D1F56A00E003A07B4 /* Assets.xcassets in Resources */,
				BFADA91B1F56A00E003A07B4 /* Main.storyboard in Resources */,
			);
			runOnlyForDeploymentPostprocessing = 0;
		};
/* End PBXResourcesBuildPhase section */

/* Begin PBXSourcesBuildPhase section */
		BFADA9091F56A00E003A07B4 /* Sources */ = {
			isa = PBXSourcesBuildPhase;
			buildActionMask = 2147483647;
			files = (
				BFADA9181F56A00E003A07B4 /* ViewController.m in Sources */,
				BFADA9151F56A00E003A07B4 /* AppDelegate.m in Sources */,
				BFADA9121F56A00E003A07B4 /* main.m in Sources */,
			);
			runOnlyForDeploymentPostprocessing = 0;
		};
/* End PBXSourcesBuildPhase section */

/* Begin PBXVariantGroup section */
		BFADA9191F56A00E003A07B4 /* Main.storyboard */ = {
			isa = PBXVariantGroup;
			children = (
				BFADA91A1F56A00E003A07B4 /* Base */,
			);
			name = Main.storyboard;
			sourceTree = "<group>";
		};
		BFADA91E1F56A00E003A07B4 /* LaunchScreen.storyboard */ = {
			isa = PBXVariantGroup;
			children = (
				BFADA91F1F56A00E003A07B4 /* Base */,
			);
			name = LaunchScreen.storyboard;
			sourceTree = "<group>";
		};
/* End PBXVariantGroup section */

/* Begin XCBuildConfiguration section */
		BFADA9221F56A00E003A07B4 /* Debug */ = {
			isa = XCBuildConfiguration;
			buildSettings = {
				ALWAYS_SEARCH_USER_PATHS = NO;
				CLANG_ANALYZER_NONNULL = YES;
				CLANG_ANALYZER_NUMBER_OBJECT_CONVERSION = YES_AGGRESSIVE;
				CLANG_CXX_LANGUAGE_STANDARD = "gnu++0x";
				CLANG_CXX_LIBRARY = "libc++";
				CLANG_ENABLE_MODULES = YES;
				CLANG_ENABLE_OBJC_ARC = YES;
				CLANG_WARN_BOOL_CONVERSION = YES;
				CLANG_WARN_CONSTANT_CONVERSION = YES;
				CLANG_WARN_DIRECT_OBJC_ISA_USAGE = YES_ERROR;
				CLANG_WARN_DOCUMENTATION_COMMENTS = YES;
				CLANG_WARN_EMPTY_BODY = YES;
				CLANG_WARN_ENUM_CONVERSION = YES;
				CLANG_WARN_INFINITE_RECURSION = YES;
				CLANG_WARN_INT_CONVERSION = YES;
				CLANG_WARN_OBJC_ROOT_CLASS = YES_ERROR;
				CLANG_WARN_SUSPICIOUS_MOVE = YES;
				CLANG_WARN_UNREACHABLE_CODE = YES;
				CLANG_WARN__DUPLICATE_METHOD_MATCH = YES;
				"CODE_SIGN_IDENTITY[sdk=iphoneos*]" = "iPhone Developer";
				COPY_PHASE_STRIP = NO;
				DEBUG_INFORMATION_FORMAT = dwarf;
				ENABLE_STRICT_OBJC_MSGSEND = YES;
				ENABLE_TESTABILITY = YES;
				GCC_C_LANGUAGE_STANDARD = gnu99;
				GCC_DYNAMIC_NO_PIC = NO;
				GCC_NO_COMMON_BLOCKS = YES;
				GCC_OPTIMIZATION_LEVEL = 0;
				GCC_PREPROCESSOR_DEFINITIONS = (
					"DEBUG=1",
					"$(inherited)",
				);
				GCC_WARN_64_TO_32_BIT_CONVERSION = YES;
				GCC_WARN_ABOUT_RETURN_TYPE = YES_ERROR;
				GCC_WARN_UNDECLARED_SELECTOR = YES;
				GCC_WARN_UNINITIALIZED_AUTOS = YES_AGGRESSIVE;
				GCC_WARN_UNUSED_FUNCTION = YES;
				GCC_WARN_UNUSED_VARIABLE = YES;
				IPHONEOS_DEPLOYMENT_TARGET = 10.3;
				MTL_ENABLE_DEBUG_INFO = YES;
				ONLY_ACTIVE_ARCH = YES;
				SDKROOT = iphoneos;
			};
			name = Debug;
		};
		BFADA9231F56A00E003A07B4 /* Release */ = {
			isa = XCBuildConfiguration;
			buildSettings = {
				ALWAYS_SEARCH_USER_PATHS = NO;
				CLANG_ANALYZER_NONNULL = YES;
				CLANG_ANALYZER_NUMBER_OBJECT_CONVERSION = YES_AGGRESSIVE;
				CLANG_CXX_LANGUAGE_STANDARD = "gnu++0x";
				CLANG_CXX_LIBRARY = "libc++";
				CLANG_ENABLE_MODULES = YES;
				CLANG_ENABLE_OBJC_ARC = YES;
				CLANG_WARN_BOOL_CONVERSION = YES;
				CLANG_WARN_CONSTANT_CONVERSION = YES;
				CLANG_WARN_DIRECT_OBJC_ISA_USAGE = YES_ERROR;
				CLANG_WARN_DOCUMENTATION_COMMENTS = YES;
				CLANG_WARN_EMPTY_BODY = YES;
				CLANG_WARN_ENUM_CONVERSION = YES;
				CLANG_WARN_INFINITE_RECURSION = YES;
				CLANG_WARN_INT_CONVERSION = YES;
				CLANG_WARN_OBJC_ROOT_CLASS = YES_ERROR;
				CLANG_WARN_SUSPICIOUS_MOVE = YES;
				CLANG_WARN_UNREACHABLE_CODE = YES;
				CLANG_WARN__DUPLICATE_METHOD_MATCH = YES;
				"CODE_SIGN_IDENTITY[sdk=iphoneos*]" = "iPhone Developer";
				COPY_PHASE_STRIP = NO;
				DEBUG_INFORMATION_FORMAT = "dwarf-with-dsym";
				ENABLE_NS_ASSERTIONS = NO;
				ENABLE_STRICT_OBJC_MSGSEND = YES;
				GCC_C_LANGUAGE_STANDARD = gnu99;
				GCC_NO_COMMON_BLOCKS = YES;
				GCC_WARN_64_TO_32_BIT_CONVERSION = YES;
				GCC_WARN_ABOUT_RETURN_TYPE = YES_ERROR;
				GCC_WARN_UNDECLARED_SELECTOR = YES;
				GCC_WARN_UNINITIALIZED_AUTOS = YES_AGGRESSIVE;
				GCC_WARN_UNUSED_FUNCTION = YES;
				GCC_WARN_UNUSED_VARIABLE = YES;
				IPHONEOS_DEPLOYMENT_TARGET = 10.3;
				MTL_ENABLE_DEBUG_INFO = NO;
				SDKROOT = iphoneos;
				VALIDATE_PRODUCT = YES;
			};
			name = Release;
		};
		BFADA9251F56A00E003A07B4 /* Debug */ = {
			isa = XCBuildConfiguration;
			buildSettings = {
				ASSETCATALOG_COMPILER_APPICON_NAME = AppIcon;
				INFOPLIST_FILE = APPThemeDemo/Info.plist;
				LD_RUNPATH_SEARCH_PATHS = "$(inherited) @executable_path/Frameworks";
				PRODUCT_BUNDLE_IDENTIFIER = "P-C.APPThemeDemo";
				PRODUCT_NAME = "$(TARGET_NAME)";
			};
			name = Debug;
		};
		BFADA9261F56A00E003A07B4 /* Release */ = {
			isa = XCBuildConfiguration;
			buildSettings = {
				ASSETCATALOG_COMPILER_APPICON_NAME = AppIcon;
				INFOPLIST_FILE = APPThemeDemo/Info.plist;
				LD_RUNPATH_SEARCH_PATHS = "$(inherited) @executable_path/Frameworks";
				PRODUCT_BUNDLE_IDENTIFIER = "P-C.APPThemeDemo";
				PRODUCT_NAME = "$(TARGET_NAME)";
			};
			name = Release;
		};
/* End XCBuildConfiguration section */

/* Begin XCConfigurationList section */
		BFADA9081F56A00E003A07B4 /* Build configuration list for PBXProject "APPThemeDemo" */ = {
			isa = XCConfigurationList;
			buildConfigurations = (
				BFADA9221F56A00E003A07B4 /* Debug */,
				BFADA9231F56A00E003A07B4 /* Release */,
			);
			defaultConfigurationIsVisible = 0;
			defaultConfigurationName = Release;
		};
		BFADA9241F56A00E003A07B4 /* Build configuration list for PBXNativeTarget "APPThemeDemo" */ = {
			isa = XCConfigurationList;
			buildConfigurations = (
				BFADA9251F56A00E003A07B4 /* Debug */,
				BFADA9261F56A00E003A07B4 /* Release */,
			);
			defaultConfigurationIsVisible = 0;
		};
/* End XCConfigurationList section */
	};
	rootObject = BFADA9051F56A00E003A07B4 /* Project object */;
}
